{
  "lockfile-version": 1,
  "manifest": {
    "schema-version": "1.17.0",
    "install": {
      "colima": {
        "pkg-path": "colima",
        "pkg-group": "vm",
        "version": "0.8.4"
      },
      "docker-client": {
        "pkg-path": "docker-client"
      },
      "gh": {
        "pkg-path": "gh"
      },
      "iptables": {
        "pkg-path": "iptables",
        "systems": [
          "aarch64-linux",
          "x86_64-linux"
        ],
        "outputs": "all"
      },
      "just": {
        "pkg-path": "just",
        "outputs": "all"
      },
      "k9s": {
        "pkg-path": "k9s"
      },
      "kind": {
        "pkg-path": "kind"
      },
      "kubectl": {
        "pkg-path": "kubectl",
        "outputs": "all"
      },
      "kubectx": {
        "pkg-path": "kubectx"
      },
      "perl": {
        "pkg-path": "perl",
        "outputs": "all"
      }
    },
    "options": {},
    "services": {
      "port-forward": {
        "command": "kubectl port-forward services/quotes 3000:3000"
      }
    }
  },
  "packages": [
    {
      "attr_path": "docker-client",
      "broken": false,
      "derivation": "/nix/store/s1gajw22ky42k3i8r2xds1gfvcns378b-docker-29.8.0.drv",
      "description": "Open source project to pack, ship and run any application as a lightweight container",
      "install_id": "docker-client",
      "license": "Apache-2.0",
      "locked_url": "https://github.com/flox/nixpkgs?rev=20b1ddd1aa5ace70c9468305030aa4f9ef79671b",
      "name": "docker-29.8.0",
      "pname": "docker-client",
      "rev": "20b1ddd1aa5ace70c9468305030aa4f9ef79671b",
      "rev_count": 1076192,
      "rev_date": "2026-09-19T02:38:33Z",
      "scrape_date": "2026-09-20T04:57:58.575798Z",
      "stabilities": [
        "unstable"
      ],
      "unfree": false,
      "version": "29.8.0",
      "outputs_to_install": [
        "out"
      ],
      "outputs": {
        "out": "/nix/store/qqc1lqglm0331y9khnda76a8bmrxm3c5-docker-29.8.0"
      },
      "system": "aarch64-darwin",
      "group": "toplevel",
      "priority": 5
    },
    {
      "attr_path": "docker-client",
      "broken": false,
      "derivation": "/nix/store/mq4gz8y0wd1wm0ywbkih72ndbj3v5n7b-docker-29.8.0.drv",
      "description": "Open source project to pack, ship and run any application as a lightweight container",
      "install_id": "docker-client",
      "license": "Apache-2.0",
      "locked_url": "https://github.com/flox/nixpkgs?rev=20b1ddd1aa5ace70c9468305030aa4f9ef79671b",
      "name": "docker-29.8.0",
      "pname": "docker-client",
      "rev": "20b1ddd1aa5ace70c9468305030aa4f9ef79671b",
      "rev_count": 1076192,
      "rev_date": "2026-09-19T02:38:33Z",
      "scrape_date": "2026-09-20T05:30:52.449204Z",
      "stabilities": [
        "unstable"
      ],
      "unfree": false,
      "version": "29.8.0",
      "outputs_to_install": [
        "out"
      ],
      "outputs": {
        "out": "/nix/store/k20jkjy5har4pir80q38jamfnvjkqlda-docker-29.8.0"
      },
      "system": "aarch64-linux",
      "group": "toplevel",
      "priority": 5
    },
    {
      "attr_path": "docker-client",
      "broken": false,
      "derivation": "/nix/store/rib9wlf42n3bvplz4v93gs6l079iz7v1-docker-29.8.0.drv",
      "description": "Open source project to pack, ship and run any application as a lightweight container",
      "install_id": "docker-client",
      "license": "Apache-2.0",
      "locked_url": "https://github.com/flox/nixpkgs?rev=20b1ddd1aa5ace70c9468305030aa4f9ef79671b",
      "name": "docker-29.8.0",
      "pname": "docker-client",
      "rev": "20b1ddd1aa5ace70c9468305030aa4f9ef79671b",
      "rev_count": 1076192,
      "rev_date": "2026-09-19T02:38:33Z",
      "scrape_date": "2026-09-20T06:07:11.425179Z",
      "stabilities": [
        "unstable"
      ],
      "unfree": false,
      "version": "29.8.0",
      "outputs_to_install": [
        "out"
      ],
      "outputs": {
        "out": "/nix/store/p16zpk2wylm1g5vgwk21crilj0rnpiya-docker-29.8.0"
      },
      "system": "x86_64-linux",
      "group": "toplevel",
      "priority": 5
    },
    {
      "attr_path": "gh",
      "broken": false,
      "derivation": "/nix/store/7amcfkc6c17hbdgnjvgmm03ljb66iddd-gh-2.100.0.drv",
      "description": "GitHub CLI tool",
      "install_id": "gh",
      "license": "MIT",
      "locked_url": "https://github.com/flox/nixpkgs?rev=20b1ddd1aa5ace70c9468305030aa4f9ef79671b",
      "name": "gh-2.100.0",
      "pname": "gh",
      "rev": "20b1ddd1aa5ace70c9468305030aa4f9ef79671b",
      "rev_count": 1076192,
      "rev_date": "2026-09-19T02:38:33Z",
      "scrape_date": "2026-09-20T04:57:59.165086Z",
      "stabilities": [
        "unstable"
      ],
      "unfree": false,
      "version": "2.100.0",
      "outputs_to_install": [
        "out",
        "out"
      ],
      "outputs": {
        "out": "/nix/store/7acyfp9kyyxm341rb3mivz9kmbamambd-gh-2.100.0"
      },
      "system": "aarch64-darwin",
      "group": "toplevel",
      "priority": 5
    },
    {
      "attr_path": "gh",
      "broken": false,
      "derivation": "/nix/store/0736p773qpyn8ajgn4g9cwd4n9q3ziw7-gh-2.100.0.drv",
      "description": "GitHub CLI tool",
      "install_id": "gh",
      "license": "MIT",
      "locked_url": "https://github.com/flox/nixpkgs?rev=20b1ddd1aa5ace70c9468305030aa4f9ef79671b",
      "name": "gh-2.100.0",
      "pname": "gh",
      "rev": "20b1ddd1aa5ace70c9468305030aa4f9ef79671b",
      "rev_count": 1076192,
      "rev_date": "2026-09-19T02:38:33Z",
      "scrape_date": "2026-09-20T05:30:53.376172Z",
      "stabilities": [
        "unstable"
      ],
      "unfree": false,
      "version": "2.100.0",
      "outputs_to_install": [
        "out",
        "out"
      ],
      "outputs": {
        "out": "/nix/store/69rn2vpc59sd7mhwdmgygl034jdagkpv-gh-2.100.0"
      },
      "system": "aarch64-linux",
      "group": "toplevel",
      "priority": 5
    },
    {
      "attr_path": "gh",
      "broken": false,
      "derivation": "/nix/store/v6zzckdhfbbflx8wlpynbbg88mkrpbmk-gh-2.100.0.drv",
      "description": "GitHub CLI tool",
      "install_id": "gh",
      "license": "MIT",
      "locked_url": "https://github.com/flox/nixpkgs?rev=20b1ddd1aa5ace70c9468305030aa4f9ef79671b",
      "name": "gh-2.100.0",
      "pname": "gh",
      "rev": "20b1ddd1aa5ace70c9468305030aa4f9ef79671b",
      "rev_count": 1076192,
      "rev_date": "2026-09-19T02:38:33Z",
      "scrape_date": "2026-09-20T06:07:12.430518Z",
      "stabilities": [
        "unstable"
      ],
      "unfree": false,
      "version": "2.100.0",
      "outputs_to_install": [
        "out",
        "out"
      ],
      "outputs": {
        "out": "/nix/store/13hixqsd12vpsgjzc89fn1764ypqrqhk-gh-2.100.0"
      },
      "system": "x86_64-linux",
      "group": "toplevel",
      "priority": 5
    },
    {
      "attr_path": "iptables",
      "broken": false,
      "derivation": "/nix/store/d8s1vc142ap710wkp3amb6sicgbwl81c-iptables-1.8.13.drv",
      "description": "Program to configure the Linux IP packet filtering ruleset",
      "install_id": "iptables",
      "license": "GPL-2.0-or-later",
      "locked_url": "https://github.com/flox/nixpkgs?rev=20b1ddd1aa5ace70c9468305030aa4f9ef79671b",
      "name": "iptables-1.8.13",
      "pname": "iptables",
      "rev": "20b1ddd1aa5ace70c9468305030aa4f9ef79671b",
      "rev_count": 1076192,
      "rev_date": "2026-09-19T02:38:33Z",
      "scrape_date": "2026-09-20T05:31:13.979485Z",
      "stabilities": [
        "unstable"
      ],
      "unfree": false,
      "version": "1.8.13",
      "outputs_to_install": [
        "man",
        "out"
      ],
      "outputs": {
        "dev": "/nix/store/d5jhlhn62wmh01j551a9d35bzziapv3v-iptables-1.8.13-dev",
        "lib": "/nix/store/bp2q1fxw4yfj1wkxjm9wa1xmpyxs56l7-iptables-1.8.13-lib",
        "man": "/nix/store/6qls701isjkw6nczpwcqypzglk7i2adb-iptables-1.8.13-man",
        "out": "/nix/store/2gl1g8549r89ah0n4r69bw4yga2wigcq-iptables-1.8.13"
      },
      "system": "aarch64-linux",
      "group": "toplevel",
      "priority": 5
    },
    {
      "attr_path": "iptables",
      "broken": false,
      "derivation": "/nix/store/6ahg0p5kk8p1pr922kai8hz9cjbd4s8p-iptables-1.8.13.drv",
      "description": "Program to configure the Linux IP packet filtering ruleset",
      "install_id": "iptables",
      "license": "GPL-2.0-or-later",
      "locked_url": "https://github.com/flox/nixpkgs?rev=20b1ddd1aa5ace70c9468305030aa4f9ef79671b",
      "name": "iptables-1.8.13",
      "pname": "iptables",
      "rev": "20b1ddd1aa5ace70c9468305030aa4f9ef79671b",
      "rev_count": 1076192,
      "rev_date": "2026-09-19T02:38:33Z",
      "scrape_date": "2026-09-20T06:07:33.644638Z",
      "stabilities": [
        "unstable"
      ],
      "unfree": false,
      "version": "1.8.13",
      "outputs_to_install": [
        "man",
        "out"
      ],
      "outputs": {
        "dev": "/nix/store/i5h7d6fckm7cwy1f7yz3vm6sajvgw80h-iptables-1.8.13-dev",
        "lib": "/nix/store/13hl2wvjdwjcmk7zf98a06lkfgyf8pw5-iptables-1.8.13-lib",
        "man": "/nix/store/lj49paflhslp0dsprhs89gbln4fibir9-iptables-1.8.13-man",
        "out": "/nix/store/ghv1q328il86gx71a6kfwspzjz70j8nw-iptables-1.8.13"
      },
      "system": "x86_64-linux",
      "group": "toplevel",
      "priority": 5
    },
    {
      "attr_path": "just",
      "broken": false,
      "derivation": "/nix/store/xhflrb4vyqqqc1j09rjcgk3gd27n76j4-just-1.58.0.drv",
      "description": "Handy way to save and run project-specific commands",
      "install_id": "just",
      "license": "CC0-1.0",
      "locked_url": "https://github.com/flox/nixpkgs?rev=20b1ddd1aa5ace70c9468305030aa4f9ef79671b",
      "name": "just-1.58.0",
      "pname": "just",
      "rev": "20b1ddd1aa5ace70c9468305030aa4f9ef79671b",
      "rev_count": 1076192,
      "rev_date": "2026-09-19T02:38:33Z",
      "scrape_date": "2026-09-20T04:58:16.293512Z",
      "stabilities": [
        "unstable"
      ],
      "unfree": false,
      "version": "1.58.0",
      "outputs_to_install": [
        "man",
        "out"
      ],
      "outputs": {
        "doc": "/nix/store/wfs31mbwslvi17fxswf81x0a83qcmnyq-just-1.58.0-doc",
        "man": "/nix/store/s8abw9ifkmxk79z8zpn6zm9zrpbmh9zb-just-1.58.0-man",
        "out": "/nix/store/kcyk3qjxrxbqv110yz408277m1i55faf-just-1.58.0"
      },
      "system": "aarch64-darwin",
      "group": "toplevel",
      "priority": 5
    },
    {
      "attr_path": "just",
      "broken": false,
      "derivation": "/nix/store/pclkrr58iby2lh2fqhjjmpvwj2538kzf-just-1.58.0.drv",
      "description": "Handy way to save and run project-specific commands",
      "install_id": "just",
      "license": "CC0-1.0",
      "locked_url": "https://github.com/flox/nixpkgs?rev=20b1ddd1aa5ace70c9468305030aa4f9ef79671b",
      "name": "just-1.58.0",
      "pname": "just",
      "rev": "20b1ddd1aa5ace70c9468305030aa4f9ef79671b",
      "rev_count": 1076192,
      "rev_date": "2026-09-19T02:38:33Z",
      "scrape_date": "2026-09-20T05:31:14.708953Z",
      "stabilities": [
        "unstable"
      ],
      "unfree": false,
      "version": "1.58.0",
      "outputs_to_install": [
        "man",
        "out"
      ],
      "outputs": {
        "doc": "/nix/store/pvgg8yxzhgld6kmy58bd4qxyihc87w1r-just-1.58.0-doc",
        "man": "/nix/store/abh0yba8y6lk945hg6b0lq5g6vgai225-just-1.58.0-man",
        "out": "/nix/store/2wdl8204rm1sgd31hxf24ykgw0jhrfnd-just-1.58.0"
      },
      "system": "aarch64-linux",
      "group": "toplevel",
      "priority": 5
    },
    {
      "attr_path": "just",
      "broken": false,
      "derivation": "/nix/store/qc80gms126x8835chicai7zkawkvwg4c-just-1.58.0.drv",
      "description": "Handy way to save and run project-specific commands",
      "install_id": "just",
      "license": "CC0-1.0",
      "locked_url": "https://github.com/flox/nixpkgs?rev=20b1ddd1aa5ace70c9468305030aa4f9ef79671b",
      "name": "just-1.58.0",
      "pname": "just",
      "rev": "20b1ddd1aa5ace70c9468305030aa4f9ef79671b",
      "rev_count": 1076192,
      "rev_date": "2026-09-19T02:38:33Z",
      "scrape_date": "2026-09-20T06:07:34.380176Z",
      "stabilities": [
        "unstable"
      ],
      "unfree": false,
      "version": "1.58.0",
      "outputs_to_install": [
        "man",
        "out"
      ],
      "outputs": {
        "doc": "/nix/store/3kkygdf8x15png0ghk45r2g8px981zrd-just-1.58.0-doc",
        "man": "/nix/store/ihi5s36gfidvbf6wrymh0z6qjb69bvhx-just-1.58.0-man",
        "out": "/nix/store/nvydswi7ickfaim3l29afrm2238fjzlv-just-1.58.0"
      },
      "system": "x86_64-linux",
      "group": "toplevel",
      "priority": 5
    },
    {
      "attr_path": "k9s",
      "broken": false,
      "derivation": "/nix/store/268vgzsm1mvyss4x2snw01lf96zsqi3s-k9s-0.51.0.drv",
      "description": "Kubernetes CLI To Manage Your Clusters In Style",
      "install_id": "k9s",
      "license": "Apache-2.0",
      "locked_url": "https://github.com/flox/nixpkgs?rev=20b1ddd1aa5ace70c9468305030aa4f9ef79671b",
      "name": "k9s-0.51.0",
      "pname": "k9s",
      "rev": "20b1ddd1aa5ace70c9468305030aa4f9ef79671b",
      "rev_count": 1076192,
      "rev_date": "2026-09-19T02:38:33Z",
      "scrape_date": "2026-09-20T04:58:16.324631Z",
      "stabilities": [
        "unstable"
      ],
      "unfree": false,
      "version": "0.51.0",
      "outputs_to_install": [
        "out"
      ],
      "outputs": {
        "out": "/nix/store/3kva8vx9rnk5qbza32xmksqms522km5l-k9s-0.51.0"
      },
      "system": "aarch64-darwin",
      "group": "toplevel",
      "priority": 5
    },
    {
      "attr_path": "k9s",
      "broken": false,
      "derivation": "/nix/store/rrvvajhl6y0x8c5wrrn8cys73v3rga81-k9s-0.51.0.drv",
      "description": "Kubernetes CLI To Manage Your Clusters In Style",
      "install_id": "k9s",
      "license": "Apache-2.0",
      "locked_url": "https://github.com/flox/nixpkgs?rev=20b1ddd1aa5ace70c9468305030aa4f9ef79671b",
      "name": "k9s-0.51.0",
      "pname": "k9s",
      "rev": "20b1ddd1aa5ace70c9468305030aa4f9ef79671b",
      "rev_count": 1076192,
      "rev_date": "2026-09-19T02:38:33Z",
      "scrape_date": "2026-09-20T05:31:14.754662Z",
      "stabilities": [
        "unstable"
      ],
      "unfree": false,
      "version": "0.51.0",
      "outputs_to_install": [
        "out"
      ],
      "outputs": {
        "out": "/nix/store/yca7sbm0lky5w6jzw8sz98lq888maxzq-k9s-0.51.0"
      },
      "system": "aarch64-linux",
      "group": "toplevel",
      "priority": 5
    },
    {
      "attr_path": "k9s",
      "broken": false,
      "derivation": "/nix/store/4s4syv8zs7nc2y3lg8np4sxx1h6b8wqb-k9s-0.51.0.drv",
      "description": "Kubernetes CLI To Manage Your Clusters In Style",
      "install_id": "k9s",
      "license": "Apache-2.0",
      "locked_url": "https://github.com/flox/nixpkgs?rev=20b1ddd1aa5ace70c9468305030aa4f9ef79671b",
      "name": "k9s-0.51.0",
      "pname": "k9s",
      "rev": "20b1ddd1aa5ace70c9468305030aa4f9ef79671b",
      "rev_count": 1076192,
      "rev_date": "2026-09-19T02:38:33Z",
      "scrape_date": "2026-09-20T06:07:34.424389Z",
      "stabilities": [
        "unstable"
      ],
      "unfree": false,
      "version": "0.51.0",
      "outputs_to_install": [
        "out"
      ],
      "outputs": {
        "out": "/nix/store/b689xv2zxjdm9xy2xf51q9spsvr4zlfy-k9s-0.51.0"
      },
      "system": "x86_64-linux",
      "group": "toplevel",
      "priority": 5
    },
    {
      "attr_path": "kind",
      "broken": false,
      "derivation": "/nix/store/ip82y582jgsd77dcxmlw7n21xyky53cz-kind-0.32.0.drv",
      "description": "Kubernetes IN Docker - local clusters for testing Kubernetes",
      "install_id": "kind",
      "license": "Apache-2.0",
      "locked_url": "https://github.com/flox/nixpkgs?rev=20b1ddd1aa5ace70c9468305030aa4f9ef79671b",
      "name": "kind-0.32.0",
      "pname": "kind",
      "rev": "20b1ddd1aa5ace70c9468305030aa4f9ef79671b",
      "rev_count": 1076192,
      "rev_date": "2026-09-19T02:38:33Z",
      "scrape_date": "2026-09-20T04:58:16.710671Z",
      "stabilities": [
        "unstable"
      ],
      "unfree": false,
      "version": "0.32.0",
      "outputs_to_install": [
        "out"
      ],
      "outputs": {
        "out": "/nix/store/nj6z9mr4np887y8066wcrms6a2x2hz3v-kind-0.32.0"
      },
      "system": "aarch64-darwin",
      "group": "toplevel",
      "priority": 5
    },
    {
      "attr_path": "kind",
      "broken": false,
      "derivation": "/nix/store/253fqmv9k9phwpkdccz28bc2mc3rkddn-kind-0.32.0.drv",
      "description": "Kubernetes IN Docker - local clusters for testing Kubernetes",
      "install_id": "kind",
      "license": "Apache-2.0",
      "locked_url": "https://github.com/flox/nixpkgs?rev=20b1ddd1aa5ace70c9468305030aa4f9ef79671b",
      "name": "kind-0.32.0",
      "pname": "kind",
      "rev": "20b1ddd1aa5ace70c9468305030aa4f9ef79671b",
      "rev_count": 1076192,
      "rev_date": "2026-09-19T02:38:33Z",
      "scrape_date": "2026-09-20T05:31:15.965367Z",
      "stabilities": [
        "unstable"
      ],
      "unfree": false,
      "version": "0.32.0",
      "outputs_to_install": [
        "out"
      ],
      "outputs": {
        "out": "/nix/store/xi4x0w04xr4zrd4fc4zfnf5c1dzbycr9-kind-0.32.0"
      },
      "system": "aarch64-linux",
      "group": "toplevel",
      "priority": 5
    },
    {
      "attr_path": "kind",
      "broken": false,
      "derivation": "/nix/store/hi15ba2rymn3khis53d422j7ff6mxa6a-kind-0.32.0.drv",
      "description": "Kubernetes IN Docker - local clusters for testing Kubernetes",
      "install_id": "kind",
      "license": "Apache-2.0",
      "locked_url": "https://github.com/flox/nixpkgs?rev=20b1ddd1aa5ace70c9468305030aa4f9ef79671b",
      "name": "kind-0.32.0",
      "pname": "kind",
      "rev": "20b1ddd1aa5ace70c9468305030aa4f9ef79671b",
      "rev_count": 1076192,
      "rev_date": "2026-09-19T02:38:33Z",
      "scrape_date": "2026-09-20T06:07:35.616114Z",
      "stabilities": [
        "unstable"
      ],
      "unfree": false,
      "version": "0.32.0",
      "outputs_to_install": [
        "out"
      ],
      "outputs": {
        "out": "/nix/store/nv30xwfiv6cb30kjc8wkk1ps7rwmhgp4-kind-0.32.0"
      },
      "system": "x86_64-linux",
      "group": "toplevel",
      "priority": 5
    },
    {
      "attr_path": "kubectl",
      "broken": false,
      "derivation": "/nix/store/4vj9ji72qij34az6mxxi9qsvlf26zrvx-kubectl-1.37.0.drv",
      "description": "Kubernetes CLI",
      "install_id": "kubectl",
      "license": "Apache-2.0",
      "locked_url": "https://github.com/flox/nixpkgs?rev=20b1ddd1aa5ace70c9468305030aa4f9ef79671b",
      "name": "kubectl-1.37.0",
      "pname": "kubectl",
      "rev": "20b1ddd1aa5ace70c9468305030aa4f9ef79671b",
      "rev_count": 1076192,
      "rev_date": "2026-09-19T02:38:33Z",
      "scrape_date": "2026-09-20T04:58:16.995910Z",
      "stabilities": [
        "unstable"
      ],
      "unfree": false,
      "version": "1.37.0",
      "outputs_to_install": [
        "man",
        "out"
      ],
      "outputs": {
        "convert": "/nix/store/ns8i8ibppjgi4w80f2ppxc2vmkcqqs2g-kubectl-1.37.0-convert",
        "man": "/nix/store/dw6qxp3v32ilw0jws5pnkw5hz7skacw7-kubectl-1.37.0-man",
        "out": "/nix/store/v43l678086pb5q6szcqkmwvfxd386yai-kubectl-1.37.0"
      },
      "system": "aarch64-darwin",
      "group": "toplevel",
      "priority": 5
    },
    {
      "attr_path": "kubectl",
      "broken": false,
      "derivation": "/nix/store/997clcyspdhygrm8kxjsmikynsc6km2s-kubectl-1.37.0.drv",
      "description": "Kubernetes CLI",
      "install_id": "kubectl",
      "license": "Apache-2.0",
      "locked_url": "https://github.com/flox/nixpkgs?rev=20b1ddd1aa5ace70c9468305030aa4f9ef79671b",
      "name": "kubectl-1.37.0",
      "pname": "kubectl",
      "rev": "20b1ddd1aa5ace70c9468305030aa4f9ef79671b",
      "rev_count": 1076192,
      "rev_date": "2026-09-19T02:38:33Z",
      "scrape_date": "2026-09-20T05:31:16.439005Z",
      "stabilities": [
        "unstable"
      ],
      "unfree": false,
      "version": "1.37.0",
      "outputs_to_install": [
        "man",
        "out"
      ],
      "outputs": {
        "convert": "/nix/store/zk7rc70cmg57pxy4rsrfvlvipj55jyd0-kubectl-1.37.0-convert",
        "man": "/nix/store/f10ig7zrahp8cxazh185v561vb9bcvcc-kubectl-1.37.0-man",
        "out": "/nix/store/rzxxk7xn7fglccxy8jp6797n020scw51-kubectl-1.37.0"
      },
      "system": "aarch64-linux",
      "group": "toplevel",
      "priority": 5
    },
    {
      "attr_path": "kubectl",
      "broken": false,
      "derivation": "/nix/store/dl80lbchmnl3y8hwxa469rsm1n2lljxm-kubectl-1.37.0.drv",
      "description": "Kubernetes CLI",
      "install_id": "kubectl",
      "license": "Apache-2.0",
      "locked_url": "https://github.com/flox/nixpkgs?rev=20b1ddd1aa5ace70c9468305030aa4f9ef79671b",
      "name": "kubectl-1.37.0",
      "pname": "kubectl",
      "rev": "20b1ddd1aa5ace70c9468305030aa4f9ef79671b",
      "rev_count": 1076192,
      "rev_date": "2026-09-19T02:38:33Z",
      "scrape_date": "2026-09-20T06:07:36.077604Z",
      "stabilities": [
        "unstable"
      ],
      "unfree": false,
      "version": "1.37.0",
      "outputs_to_install": [
        "man",
        "out"
      ],
      "outputs": {
        "convert": "/nix/store/k22p9zr5ib2cmawcxi4wpfj81hbxvy8p-kubectl-1.37.0-convert",
        "man": "/nix/store/zwpgc7v191ahphn9b09n91mhsc3a1h2y-kubectl-1.37.0-man",
        "out": "/nix/store/a8v06bvfssmp8hllrjyv1mh62yqxzh5f-kubectl-1.37.0"
      },
      "system": "x86_64-linux",
      "group": "toplevel",
      "priority": 5
    },
    {
      "attr_path": "kubectx",
      "broken": false,
      "derivation": "/nix/store/y1vlvh32j79d82z9b3bhrwfhaw92d957-kubectx-0.11.0.drv",
      "description": "Fast way to switch between clusters and namespaces in kubectl",
      "install_id": "kubectx",
      "license": "Apache-2.0",
      "locked_url": "https://github.com/flox/nixpkgs?rev=20b1ddd1aa5ace70c9468305030aa4f9ef79671b",
      "name": "kubectx-0.11.0",
      "pname": "kubectx",
      "rev": "20b1ddd1aa5ace70c9468305030aa4f9ef79671b",
      "rev_count": 1076192,
      "rev_date": "2026-09-19T02:38:33Z",
      "scrape_date": "2026-09-20T04:58:17.024690Z",
      "stabilities": [
        "unstable"
      ],
      "unfree": false,
      "version": "0.11.0",
      "outputs_to_install": [
        "out"
      ],
      "outputs": {
        "out": "/nix/store/22fvxwjaf1bdxwa0nlw8j8wkwipskb5d-kubectx-0.11.0"
      },
      "system": "aarch64-darwin",
      "group": "toplevel",
      "priority": 5
    },
    {
      "attr_path": "kubectx",
      "broken": false,
      "derivation": "/nix/store/5qhc5hcls6w4fx1vnvbwckkz6cjpkv30-kubectx-0.11.0.drv",
      "description": "Fast way to switch between clusters and namespaces in kubectl",
      "install_id": "kubectx",
      "license": "Apache-2.0",
      "locked_url": "https://github.com/flox/nixpkgs?rev=20b1ddd1aa5ace70c9468305030aa4f9ef79671b",
      "name": "kubectx-0.11.0",
      "pname": "kubectx",
      "rev": "20b1ddd1aa5ace70c9468305030aa4f9ef79671b",
      "rev_count": 1076192,
      "rev_date": "2026-09-19T02:38:33Z",
      "scrape_date": "2026-09-20T05:31:16.472861Z",
      "stabilities": [
        "unstable"
      ],
      "unfree": false,
      "version": "0.11.0",
      "outputs_to_install": [
        "out"
      ],
      "outputs": {
        "out": "/nix/store/2b0bjrw1ha4gfn68inkxmy20z0ljmg7l-kubectx-0.11.0"
      },
      "system": "aarch64-linux",
      "group": "toplevel",
      "priority": 5
    },
    {
      "attr_path": "kubectx",
      "broken": false,
      "derivation": "/nix/store/pcd810b9yq7mxi2jrllvnpdd33sm1647-kubectx-0.11.0.drv",
      "description": "Fast way to switch between clusters and namespaces in kubectl",
      "install_id": "kubectx",
      "license": "Apache-2.0",
      "locked_url": "https://github.com/flox/nixpkgs?rev=20b1ddd1aa5ace70c9468305030aa4f9ef79671b",
      "name": "kubectx-0.11.0",
      "pname": "kubectx",
      "rev": "20b1ddd1aa5ace70c9468305030aa4f9ef79671b",
      "rev_count": 1076192,
      "rev_date": "2026-09-19T02:38:33Z",
      "scrape_date": "2026-09-20T06:07:36.110782Z",
      "stabilities": [
        "unstable"
      ],
      "unfree": false,
      "version": "0.11.0",
      "outputs_to_install": [
        "out"
      ],
      "outputs": {
        "out": "/nix/store/lsy7wv4mxiy0lr2zm8akz30rm1h26yf7-kubectx-0.11.0"
      },
      "system": "x86_64-linux",
      "group": "toplevel",
      "priority": 5
    },
    {
      "attr_path": "perl",
      "broken": false,
      "derivation": "/nix/store/dhkbasg2n6vhkkrihxx793zmjqcb6ph1-perl-5.42.3.drv",
      "description": "Standard implementation of the Perl 5 programming language",
      "install_id": "perl",
      "license": "Artistic-1.0",
      "locked_url": "https://github.com/flox/nixpkgs?rev=20b1ddd1aa5ace70c9468305030aa4f9ef79671b",
      "name": "perl-5.42.3",
      "pname": "perl",
      "rev": "20b1ddd1aa5ace70c9468305030aa4f9ef79671b",
      "rev_count": 1076192,
      "rev_date": "2026-09-19T02:38:33Z",
      "scrape_date": "2026-09-20T04:58:30.931180Z",
      "stabilities": [
        "unstable"
      ],
      "unfree": false,
      "version": "5.42.3",
      "outputs_to_install": [
        "man",
        "out",
        "out"
      ],
      "outputs": {
        "devdoc": "/nix/store/nzkk48dpw3z1qac7b2b1mwwwwcgs0b7a-perl-5.42.3-devdoc",
        "man": "/nix/store/hfq7wfq98yx4h1mk858a72q9nsczn7k0-perl-5.42.3-man",
        "out": "/nix/store/0ns85sqbjrfqcw0ihp1axkpm5g603d73-perl-5.42.3"
      },
      "system": "aarch64-darwin",
      "group": "toplevel",
      "priority": 5
    },
    {
      "attr_path": "perl",
      "broken": false,
      "derivation": "/nix/store/qvsn9phc59c5gxsbaqxdqjarj0micagw-perl-5.42.3.drv",
      "description": "Standard implementation of the Perl 5 programming language",
      "install_id": "perl",
      "license": "Artistic-1.0",
      "locked_url": "https://github.com/flox/nixpkgs?rev=20b1ddd1aa5ace70c9468305030aa4f9ef79671b",
      "name": "perl-5.42.3",
      "pname": "perl",
      "rev": "20b1ddd1aa5ace70c9468305030aa4f9ef79671b",
      "rev_count": 1076192,
      "rev_date": "2026-09-19T02:38:33Z",
      "scrape_date": "2026-09-20T05:31:39.878446Z",
      "stabilities": [
        "unstable"
      ],
      "unfree": false,
      "version": "5.42.3",
      "outputs_to_install": [
        "man",
        "out",
        "out",
        "out"
      ],
      "outputs": {
        "devdoc": "/nix/store/dddqy7554c72zm9ryvdap814p9sqnnxa-perl-5.42.3-devdoc",
        "man": "/nix/store/idac425pmb093hsyip7i8h7yj2d377xc-perl-5.42.3-man",
        "out": "/nix/store/wlnxy8mxf0dgsk8qn14z0s6qs9j5idyp-perl-5.42.3"
      },
      "system": "aarch64-linux",
      "group": "toplevel",
      "priority": 5
    },
    {
      "attr_path": "perl",
      "broken": false,
      "derivation": "/nix/store/j432y32a9i9azzifwcqng7k27r81n03s-perl-5.42.3.drv",
      "description": "Standard implementation of the Perl 5 programming language",
      "install_id": "perl",
      "license": "Artistic-1.0",
      "locked_url": "https://github.com/flox/nixpkgs?rev=20b1ddd1aa5ace70c9468305030aa4f9ef79671b",
      "name": "perl-5.42.3",
      "pname": "perl",
      "rev": "20b1ddd1aa5ace70c9468305030aa4f9ef79671b",
      "rev_count": 1076192,
      "rev_date": "2026-09-19T02:38:33Z",
      "scrape_date": "2026-09-20T06:08:01.556343Z",
      "stabilities": [
        "unstable"
      ],
      "unfree": false,
      "version": "5.42.3",
      "outputs_to_install": [
        "man",
        "out",
        "out",
        "out"
      ],
      "outputs": {
        "devdoc": "/nix/store/lxz734ifl1jj4rydgh3izcaj31ji793k-perl-5.42.3-devdoc",
        "man": "/nix/store/gw7zagh9cvx25b601jd1sv021xjp797p-perl-5.42.3-man",
        "out": "/nix/store/w03i01kiakf4wz7jbp1l59c0bhb3pjca-perl-5.42.3"
      },
      "system": "x86_64-linux",
      "group": "toplevel",
      "priority": 5
    },
    {
      "attr_path": "colima",
      "broken": false,
      "derivation": "/nix/store/066g7xzlspz6fs7lsqrg18r4hcaahanm-colima-0.8.4.drv",
      "description": "Container runtimes with minimal setup",
      "install_id": "colima",
      "license": "MIT",
      "locked_url": "https://github.com/flox/nixpkgs?rev=c9b6fb798541223bbb396d287d16f43520250518",
      "name": "colima-0.8.4",
      "pname": "colima",
      "rev": "c9b6fb798541223bbb396d287d16f43520250518",
      "rev_count": 873798,
      "rev_date": "2025-10-07T10:12:45Z",
      "scrape_date": "2025-10-09T04:32:19.119208Z",
      "stabilities": [
        "staging",
        "unstable"
      ],
      "unfree": false,
      "version": "0.8.4",
      "outputs_to_install": [
        "out"
      ],
      "outputs": {
        "out": "/nix/store/wrk5kl4mr8ag4v0j2i5f1imv7k4xd4sy-colima-0.8.4"
      },
      "system": "aarch64-darwin",
      "group": "vm",
      "priority": 5
    },
    {
      "attr_path": "colima",
      "broken": false,
      "derivation": "/nix/store/0fd82cr051x728y2183jnciy79z5jcfv-colima-0.8.4.drv",
      "description": "Container runtimes with minimal setup",
      "install_id": "colima",
      "license": "MIT",
      "locked_url": "https://github.com/flox/nixpkgs?rev=c9b6fb798541223bbb396d287d16f43520250518",
      "name": "colima-0.8.4",
      "pname": "colima",
      "rev": "c9b6fb798541223bbb396d287d16f43520250518",
      "rev_count": 873798,
      "rev_date": "2025-10-07T10:12:45Z",
      "scrape_date": "2025-10-09T04:42:20.859517Z",
      "stabilities": [
        "staging",
        "unstable"
      ],
      "unfree": false,
      "version": "0.8.4",
      "outputs_to_install": [
        "out"
      ],
      "outputs": {
        "out": "/nix/store/bhbbs82dlrp4c32sb52vhqa5160j6b9y-colima-0.8.4"
      },
      "system": "aarch64-linux",
      "group": "vm",
      "priority": 5
    },
    {
      "attr_path": "colima",
      "broken": false,
      "derivation": "/nix/store/abplbm7iddm2s0gjph395h1ckizcwrag-colima-0.8.4.drv",
      "description": "Container runtimes with minimal setup",
      "install_id": "colima",
      "license": "MIT",
      "locked_url": "https://github.com/flox/nixpkgs?rev=c9b6fb798541223bbb396d287d16f43520250518",
      "name": "colima-0.8.4",
      "pname": "colima",
      "rev": "c9b6fb798541223bbb396d287d16f43520250518",
      "rev_count": 873798,
      "rev_date": "2025-10-07T10:12:45Z",
      "scrape_date": "2025-10-09T05:01:55.866575Z",
      "stabilities": [
        "staging",
        "unstable"
      ],
      "unfree": false,
      "version": "0.8.4",
      "outputs_to_install": [
        "out"
      ],
      "outputs": {
        "out": "/nix/store/j5qd07bv1wsyxx11lfzarp90izap8fnj-colima-0.8.4"
      },
      "system": "x86_64-linux",
      "group": "vm",
      "priority": 5
    }
  ]
}
