{
  "lockfile-version": 1,
  "manifest": {
    "version": 1,
    "install": {
      "colima": {
        "pkg-path": "colima"
      },
      "docker-client": {
        "pkg-path": "docker-client"
      },
      "gh": {
        "pkg-path": "gh"
      },
      "iptables": {
        "pkg-path": "iptables",
        "systems": [
          "aarch64-linux",
          "x86_64-linux"
        ]
      },
      "just": {
        "pkg-path": "just"
      },
      "k9s": {
        "pkg-path": "k9s"
      },
      "kind": {
        "pkg-path": "kind"
      },
      "kubectl": {
        "pkg-path": "kubectl"
      },
      "kubectx": {
        "pkg-path": "kubectx"
      },
      "perl": {
        "pkg-path": "perl"
      }
    },
    "options": {},
    "services": {
      "port-forward": {
        "command": "kubectl port-forward services/quotes 3000:3000"
      }
    }
  },
  "packages": [
    {
      "attr_path": "colima",
      "broken": false,
      "derivation": "/nix/store/7lm3y6mkkf3pvjbi3cvkbbl4wlp0y42l-colima-0.9.1.drv",
      "description": "Container runtimes with minimal setup",
      "install_id": "colima",
      "license": "MIT",
      "locked_url": "https://github.com/flox/nixpkgs?rev=00c21e4c93d963c50d4c0c89bfa84ed6e0694df2",
      "name": "colima-0.9.1",
      "pname": "colima",
      "rev": "00c21e4c93d963c50d4c0c89bfa84ed6e0694df2",
      "rev_count": 940249,
      "rev_date": "2026-02-04T09:32:58Z",
      "scrape_date": "2026-02-06T04:35:54.767218Z",
      "stabilities": [
        "staging",
        "unstable"
      ],
      "unfree": false,
      "version": "0.9.1",
      "outputs_to_install": [
        "out"
      ],
      "outputs": {
        "out": "/nix/store/l76whblf1n6h81dydlic25hqplx6gpj5-colima-0.9.1"
      },
      "system": "aarch64-darwin",
      "group": "toplevel",
      "priority": 5
    },
    {
      "attr_path": "colima",
      "broken": false,
      "derivation": "/nix/store/bmhkhbdkvzdwlm9givimgal0zrkkw4fp-colima-0.9.1.drv",
      "description": "Container runtimes with minimal setup",
      "install_id": "colima",
      "license": "MIT",
      "locked_url": "https://github.com/flox/nixpkgs?rev=00c21e4c93d963c50d4c0c89bfa84ed6e0694df2",
      "name": "colima-0.9.1",
      "pname": "colima",
      "rev": "00c21e4c93d963c50d4c0c89bfa84ed6e0694df2",
      "rev_count": 940249,
      "rev_date": "2026-02-04T09:32:58Z",
      "scrape_date": "2026-02-06T05:05:23.152674Z",
      "stabilities": [
        "staging",
        "unstable"
      ],
      "unfree": false,
      "version": "0.9.1",
      "outputs_to_install": [
        "out"
      ],
      "outputs": {
        "out": "/nix/store/8ldw37hwk5zyyxqdqf7wds9a843c97p8-colima-0.9.1"
      },
      "system": "aarch64-linux",
      "group": "toplevel",
      "priority": 5
    },
    {
      "attr_path": "colima",
      "broken": false,
      "derivation": "/nix/store/c6953figxc1h87x57dw1fm25h8g74fdr-colima-0.9.1.drv",
      "description": "Container runtimes with minimal setup",
      "install_id": "colima",
      "license": "MIT",
      "locked_url": "https://github.com/flox/nixpkgs?rev=00c21e4c93d963c50d4c0c89bfa84ed6e0694df2",
      "name": "colima-0.9.1",
      "pname": "colima",
      "rev": "00c21e4c93d963c50d4c0c89bfa84ed6e0694df2",
      "rev_count": 940249,
      "rev_date": "2026-02-04T09:32:58Z",
      "scrape_date": "2026-02-06T05:33:32.976426Z",
      "stabilities": [
        "staging",
        "unstable"
      ],
      "unfree": false,
      "version": "0.9.1",
      "outputs_to_install": [
        "out"
      ],
      "outputs": {
        "out": "/nix/store/1pdf6x8q1kc79nyf0l7ilbmdbmsd9wp0-colima-0.9.1"
      },
      "system": "x86_64-darwin",
      "group": "toplevel",
      "priority": 5
    },
    {
      "attr_path": "colima",
      "broken": false,
      "derivation": "/nix/store/99hhi5g0rad4r8lm2qadbzdd3q2xc1qm-colima-0.9.1.drv",
      "description": "Container runtimes with minimal setup",
      "install_id": "colima",
      "license": "MIT",
      "locked_url": "https://github.com/flox/nixpkgs?rev=00c21e4c93d963c50d4c0c89bfa84ed6e0694df2",
      "name": "colima-0.9.1",
      "pname": "colima",
      "rev": "00c21e4c93d963c50d4c0c89bfa84ed6e0694df2",
      "rev_count": 940249,
      "rev_date": "2026-02-04T09:32:58Z",
      "scrape_date": "2026-02-06T06:05:46.024651Z",
      "stabilities": [
        "staging",
        "unstable"
      ],
      "unfree": false,
      "version": "0.9.1",
      "outputs_to_install": [
        "out"
      ],
      "outputs": {
        "out": "/nix/store/nnqk2d2ssvzbp3a7qym8xlgjpw0njwzh-colima-0.9.1"
      },
      "system": "x86_64-linux",
      "group": "toplevel",
      "priority": 5
    },
    {
      "attr_path": "docker-client",
      "broken": false,
      "derivation": "/nix/store/8vs7p6405nql3qd7x7bz8dnca7w680qs-docker-29.2.0.drv",
      "description": "Open source project to pack, ship and run any application as a lightweight container",
      "install_id": "docker-client",
      "license": "Apache-2.0",
      "locked_url": "https://github.com/flox/nixpkgs?rev=00c21e4c93d963c50d4c0c89bfa84ed6e0694df2",
      "name": "docker-29.2.0",
      "pname": "docker-client",
      "rev": "00c21e4c93d963c50d4c0c89bfa84ed6e0694df2",
      "rev_count": 940249,
      "rev_date": "2026-02-04T09:32:58Z",
      "scrape_date": "2026-02-06T04:35:54.990273Z",
      "stabilities": [
        "staging",
        "unstable"
      ],
      "unfree": false,
      "version": "29.2.0",
      "outputs_to_install": [
        "out"
      ],
      "outputs": {
        "out": "/nix/store/dam6s3i6wl1vbf5l8x52ml25wih8wlm9-docker-29.2.0"
      },
      "system": "aarch64-darwin",
      "group": "toplevel",
      "priority": 5
    },
    {
      "attr_path": "docker-client",
      "broken": false,
      "derivation": "/nix/store/b2k3ivrbwh5zsbnjhk47h5s46hn696p9-docker-29.2.0.drv",
      "description": "Open source project to pack, ship and run any application as a lightweight container",
      "install_id": "docker-client",
      "license": "Apache-2.0",
      "locked_url": "https://github.com/flox/nixpkgs?rev=00c21e4c93d963c50d4c0c89bfa84ed6e0694df2",
      "name": "docker-29.2.0",
      "pname": "docker-client",
      "rev": "00c21e4c93d963c50d4c0c89bfa84ed6e0694df2",
      "rev_count": 940249,
      "rev_date": "2026-02-04T09:32:58Z",
      "scrape_date": "2026-02-06T05:05:23.492160Z",
      "stabilities": [
        "staging",
        "unstable"
      ],
      "unfree": false,
      "version": "29.2.0",
      "outputs_to_install": [
        "out"
      ],
      "outputs": {
        "out": "/nix/store/85yww3kiw8k9dd49zl7rh6362vxmzx13-docker-29.2.0"
      },
      "system": "aarch64-linux",
      "group": "toplevel",
      "priority": 5
    },
    {
      "attr_path": "docker-client",
      "broken": false,
      "derivation": "/nix/store/szdp1x8sislmif7ycvz9m322qlavyr5i-docker-29.2.0.drv",
      "description": "Open source project to pack, ship and run any application as a lightweight container",
      "install_id": "docker-client",
      "license": "Apache-2.0",
      "locked_url": "https://github.com/flox/nixpkgs?rev=00c21e4c93d963c50d4c0c89bfa84ed6e0694df2",
      "name": "docker-29.2.0",
      "pname": "docker-client",
      "rev": "00c21e4c93d963c50d4c0c89bfa84ed6e0694df2",
      "rev_count": 940249,
      "rev_date": "2026-02-04T09:32:58Z",
      "scrape_date": "2026-02-06T05:33:33.204492Z",
      "stabilities": [
        "staging",
        "unstable"
      ],
      "unfree": false,
      "version": "29.2.0",
      "outputs_to_install": [
        "out"
      ],
      "outputs": {
        "out": "/nix/store/wmbgv8qsb0llzjrmnzwikqqb30ll1ck3-docker-29.2.0"
      },
      "system": "x86_64-darwin",
      "group": "toplevel",
      "priority": 5
    },
    {
      "attr_path": "docker-client",
      "broken": false,
      "derivation": "/nix/store/26rjxrpv7mmwr6kr7vm5m4blda6pa22y-docker-29.2.0.drv",
      "description": "Open source project to pack, ship and run any application as a lightweight container",
      "install_id": "docker-client",
      "license": "Apache-2.0",
      "locked_url": "https://github.com/flox/nixpkgs?rev=00c21e4c93d963c50d4c0c89bfa84ed6e0694df2",
      "name": "docker-29.2.0",
      "pname": "docker-client",
      "rev": "00c21e4c93d963c50d4c0c89bfa84ed6e0694df2",
      "rev_count": 940249,
      "rev_date": "2026-02-04T09:32:58Z",
      "scrape_date": "2026-02-06T06:05:46.404014Z",
      "stabilities": [
        "staging",
        "unstable"
      ],
      "unfree": false,
      "version": "29.2.0",
      "outputs_to_install": [
        "out"
      ],
      "outputs": {
        "out": "/nix/store/pgmrqkcczr4ild3lm44qrs5mp704y822-docker-29.2.0"
      },
      "system": "x86_64-linux",
      "group": "toplevel",
      "priority": 5
    },
    {
      "attr_path": "gh",
      "broken": false,
      "derivation": "/nix/store/8a3nidwpvc9n1bjva4dmw7i7mjj8fky7-gh-2.86.0.drv",
      "description": "GitHub CLI tool",
      "install_id": "gh",
      "license": "MIT",
      "locked_url": "https://github.com/flox/nixpkgs?rev=00c21e4c93d963c50d4c0c89bfa84ed6e0694df2",
      "name": "gh-2.86.0",
      "pname": "gh",
      "rev": "00c21e4c93d963c50d4c0c89bfa84ed6e0694df2",
      "rev_count": 940249,
      "rev_date": "2026-02-04T09:32:58Z",
      "scrape_date": "2026-02-06T04:35:55.478899Z",
      "stabilities": [
        "staging",
        "unstable"
      ],
      "unfree": false,
      "version": "2.86.0",
      "outputs_to_install": [
        "out"
      ],
      "outputs": {
        "out": "/nix/store/y207r5sjcd81gfnsxxssgiiiwl6mcg6f-gh-2.86.0"
      },
      "system": "aarch64-darwin",
      "group": "toplevel",
      "priority": 5
    },
    {
      "attr_path": "gh",
      "broken": false,
      "derivation": "/nix/store/i2nsxinz9xpj7646ladcp57lxl69jj6w-gh-2.86.0.drv",
      "description": "GitHub CLI tool",
      "install_id": "gh",
      "license": "MIT",
      "locked_url": "https://github.com/flox/nixpkgs?rev=00c21e4c93d963c50d4c0c89bfa84ed6e0694df2",
      "name": "gh-2.86.0",
      "pname": "gh",
      "rev": "00c21e4c93d963c50d4c0c89bfa84ed6e0694df2",
      "rev_count": 940249,
      "rev_date": "2026-02-04T09:32:58Z",
      "scrape_date": "2026-02-06T05:05:24.274694Z",
      "stabilities": [
        "staging",
        "unstable"
      ],
      "unfree": false,
      "version": "2.86.0",
      "outputs_to_install": [
        "out"
      ],
      "outputs": {
        "out": "/nix/store/zx4plaf0z1yv06wdhxxhpbm7kmslm2r8-gh-2.86.0"
      },
      "system": "aarch64-linux",
      "group": "toplevel",
      "priority": 5
    },
    {
      "attr_path": "gh",
      "broken": false,
      "derivation": "/nix/store/5gs8iqvhi8qpfnkigm3nibrzajsiggzr-gh-2.86.0.drv",
      "description": "GitHub CLI tool",
      "install_id": "gh",
      "license": "MIT",
      "locked_url": "https://github.com/flox/nixpkgs?rev=00c21e4c93d963c50d4c0c89bfa84ed6e0694df2",
      "name": "gh-2.86.0",
      "pname": "gh",
      "rev": "00c21e4c93d963c50d4c0c89bfa84ed6e0694df2",
      "rev_count": 940249,
      "rev_date": "2026-02-04T09:32:58Z",
      "scrape_date": "2026-02-06T05:33:33.699301Z",
      "stabilities": [
        "staging",
        "unstable"
      ],
      "unfree": false,
      "version": "2.86.0",
      "outputs_to_install": [
        "out"
      ],
      "outputs": {
        "out": "/nix/store/vhpac8ld4xkaa13bsrbwnyrmlcxsg57q-gh-2.86.0"
      },
      "system": "x86_64-darwin",
      "group": "toplevel",
      "priority": 5
    },
    {
      "attr_path": "gh",
      "broken": false,
      "derivation": "/nix/store/vnv704j0yfg1lg30jrbf0hdnzpkygvv5-gh-2.86.0.drv",
      "description": "GitHub CLI tool",
      "install_id": "gh",
      "license": "MIT",
      "locked_url": "https://github.com/flox/nixpkgs?rev=00c21e4c93d963c50d4c0c89bfa84ed6e0694df2",
      "name": "gh-2.86.0",
      "pname": "gh",
      "rev": "00c21e4c93d963c50d4c0c89bfa84ed6e0694df2",
      "rev_count": 940249,
      "rev_date": "2026-02-04T09:32:58Z",
      "scrape_date": "2026-02-06T06:05:47.268990Z",
      "stabilities": [
        "staging",
        "unstable"
      ],
      "unfree": false,
      "version": "2.86.0",
      "outputs_to_install": [
        "out"
      ],
      "outputs": {
        "out": "/nix/store/xf3rb2kmk19092b1pf50ag0fsj2f6hpa-gh-2.86.0"
      },
      "system": "x86_64-linux",
      "group": "toplevel",
      "priority": 5
    },
    {
      "attr_path": "iptables",
      "broken": false,
      "derivation": "/nix/store/zhavkn2dxmy299kpzd3i8m8gsi4l67l2-iptables-1.8.11.drv",
      "description": "Program to configure the Linux IP packet filtering ruleset",
      "install_id": "iptables",
      "license": "GPL-2.0-or-later",
      "locked_url": "https://github.com/flox/nixpkgs?rev=00c21e4c93d963c50d4c0c89bfa84ed6e0694df2",
      "name": "iptables-1.8.11",
      "pname": "iptables",
      "rev": "00c21e4c93d963c50d4c0c89bfa84ed6e0694df2",
      "rev_count": 940249,
      "rev_date": "2026-02-04T09:32:58Z",
      "scrape_date": "2026-02-06T05:05:42.571585Z",
      "stabilities": [
        "staging",
        "unstable"
      ],
      "unfree": false,
      "version": "1.8.11",
      "outputs_to_install": [
        "man",
        "out"
      ],
      "outputs": {
        "dev": "/nix/store/v09nj86r7yfjcdb6lzh76ky30rj53a9d-iptables-1.8.11-dev",
        "lib": "/nix/store/aji3hhi0p1hfgrk1n4bpfx8za6wra2jw-iptables-1.8.11-lib",
        "man": "/nix/store/i5kwz95vp3dr4ix5pgsai64jp8brzly4-iptables-1.8.11-man",
        "out": "/nix/store/cav17jkdi5qmy176yh7kivnp38zsfzln-iptables-1.8.11"
      },
      "system": "aarch64-linux",
      "group": "toplevel",
      "priority": 5
    },
    {
      "attr_path": "iptables",
      "broken": false,
      "derivation": "/nix/store/c6dmw4766zlnxmzk1yj2rb0qa593xwyp-iptables-1.8.11.drv",
      "description": "Program to configure the Linux IP packet filtering ruleset",
      "install_id": "iptables",
      "license": "GPL-2.0-or-later",
      "locked_url": "https://github.com/flox/nixpkgs?rev=00c21e4c93d963c50d4c0c89bfa84ed6e0694df2",
      "name": "iptables-1.8.11",
      "pname": "iptables",
      "rev": "00c21e4c93d963c50d4c0c89bfa84ed6e0694df2",
      "rev_count": 940249,
      "rev_date": "2026-02-04T09:32:58Z",
      "scrape_date": "2026-02-06T06:06:06.797794Z",
      "stabilities": [
        "staging",
        "unstable"
      ],
      "unfree": false,
      "version": "1.8.11",
      "outputs_to_install": [
        "man",
        "out"
      ],
      "outputs": {
        "dev": "/nix/store/vnwqzlfyfg7wsc3rsraywqy17sprwmd4-iptables-1.8.11-dev",
        "lib": "/nix/store/h2pjps5frrcgcksgsjamxxq2ccfzwc8y-iptables-1.8.11-lib",
        "man": "/nix/store/880r1ky6b4xy2xyxwxgxipaqvy8lmdm1-iptables-1.8.11-man",
        "out": "/nix/store/vppbigc2v7ly82zascy99h912khrmgqi-iptables-1.8.11"
      },
      "system": "x86_64-linux",
      "group": "toplevel",
      "priority": 5
    },
    {
      "attr_path": "just",
      "broken": false,
      "derivation": "/nix/store/bqc56vmmmjan3cak3gs1irlp8yh3j104-just-1.46.0.drv",
      "description": "Handy way to save and run project-specific commands",
      "install_id": "just",
      "license": "CC0-1.0",
      "locked_url": "https://github.com/flox/nixpkgs?rev=00c21e4c93d963c50d4c0c89bfa84ed6e0694df2",
      "name": "just-1.46.0",
      "pname": "just",
      "rev": "00c21e4c93d963c50d4c0c89bfa84ed6e0694df2",
      "rev_count": 940249,
      "rev_date": "2026-02-04T09:32:58Z",
      "scrape_date": "2026-02-06T04:36:10.456177Z",
      "stabilities": [
        "staging",
        "unstable"
      ],
      "unfree": false,
      "version": "1.46.0",
      "outputs_to_install": [
        "man",
        "out"
      ],
      "outputs": {
        "doc": "/nix/store/db99chhg7z1p8x4kqsnf4hna33yab8jd-just-1.46.0-doc",
        "man": "/nix/store/faqgfslw33szczc60xvbsddag1vpm6qg-just-1.46.0-man",
        "out": "/nix/store/kms72z6m9ny9xc8jran5xapikqsbhm5q-just-1.46.0"
      },
      "system": "aarch64-darwin",
      "group": "toplevel",
      "priority": 5
    },
    {
      "attr_path": "just",
      "broken": false,
      "derivation": "/nix/store/911pgpn6c6q3irahdvbsin84j1fbq5xv-just-1.46.0.drv",
      "description": "Handy way to save and run project-specific commands",
      "install_id": "just",
      "license": "CC0-1.0",
      "locked_url": "https://github.com/flox/nixpkgs?rev=00c21e4c93d963c50d4c0c89bfa84ed6e0694df2",
      "name": "just-1.46.0",
      "pname": "just",
      "rev": "00c21e4c93d963c50d4c0c89bfa84ed6e0694df2",
      "rev_count": 940249,
      "rev_date": "2026-02-04T09:32:58Z",
      "scrape_date": "2026-02-06T05:05:43.192106Z",
      "stabilities": [
        "staging",
        "unstable"
      ],
      "unfree": false,
      "version": "1.46.0",
      "outputs_to_install": [
        "man",
        "out"
      ],
      "outputs": {
        "doc": "/nix/store/x29kkagia2b2hw20qj0m5r256cvi3fk7-just-1.46.0-doc",
        "man": "/nix/store/jcrjba1fjd86vdbh8iwj37cbw0ngn26v-just-1.46.0-man",
        "out": "/nix/store/84hs79g4rgwpd8vpvrsnibmfh2qk08fq-just-1.46.0"
      },
      "system": "aarch64-linux",
      "group": "toplevel",
      "priority": 5
    },
    {
      "attr_path": "just",
      "broken": false,
      "derivation": "/nix/store/rqdimcknd0av853m34x1245zp40nzmd4-just-1.46.0.drv",
      "description": "Handy way to save and run project-specific commands",
      "install_id": "just",
      "license": "CC0-1.0",
      "locked_url": "https://github.com/flox/nixpkgs?rev=00c21e4c93d963c50d4c0c89bfa84ed6e0694df2",
      "name": "just-1.46.0",
      "pname": "just",
      "rev": "00c21e4c93d963c50d4c0c89bfa84ed6e0694df2",
      "rev_count": 940249,
      "rev_date": "2026-02-04T09:32:58Z",
      "scrape_date": "2026-02-06T05:33:48.706431Z",
      "stabilities": [
        "staging",
        "unstable"
      ],
      "unfree": false,
      "version": "1.46.0",
      "outputs_to_install": [
        "man",
        "out"
      ],
      "outputs": {
        "doc": "/nix/store/40bl31lv2wy1p7yfafzzh1wip3pc0iga-just-1.46.0-doc",
        "man": "/nix/store/svaa8vdlzdgbm5plfk3bvyawnvkj7x36-just-1.46.0-man",
        "out": "/nix/store/dj01bb0rk1czx6wdymfswh4as56xsbkw-just-1.46.0"
      },
      "system": "x86_64-darwin",
      "group": "toplevel",
      "priority": 5
    },
    {
      "attr_path": "just",
      "broken": false,
      "derivation": "/nix/store/sapz2v0kcbxii925swwgd37ar10wclnn-just-1.46.0.drv",
      "description": "Handy way to save and run project-specific commands",
      "install_id": "just",
      "license": "CC0-1.0",
      "locked_url": "https://github.com/flox/nixpkgs?rev=00c21e4c93d963c50d4c0c89bfa84ed6e0694df2",
      "name": "just-1.46.0",
      "pname": "just",
      "rev": "00c21e4c93d963c50d4c0c89bfa84ed6e0694df2",
      "rev_count": 940249,
      "rev_date": "2026-02-04T09:32:58Z",
      "scrape_date": "2026-02-06T06:06:07.470037Z",
      "stabilities": [
        "staging",
        "unstable"
      ],
      "unfree": false,
      "version": "1.46.0",
      "outputs_to_install": [
        "man",
        "out"
      ],
      "outputs": {
        "doc": "/nix/store/db447q0xh3xdhaz8b8mc6k02sl2ckgdc-just-1.46.0-doc",
        "man": "/nix/store/7cjc376r94pkwnlcvaqrna8k8q2spvkc-just-1.46.0-man",
        "out": "/nix/store/n4g7fjn0b4m0rfjaqw2y4czvz6za1iwr-just-1.46.0"
      },
      "system": "x86_64-linux",
      "group": "toplevel",
      "priority": 5
    },
    {
      "attr_path": "k9s",
      "broken": false,
      "derivation": "/nix/store/hrrfh8h3jgqzcx0y91kxvvrqd3c7rggn-k9s-0.50.18.drv",
      "description": "Kubernetes CLI To Manage Your Clusters In Style",
      "install_id": "k9s",
      "license": "Apache-2.0",
      "locked_url": "https://github.com/flox/nixpkgs?rev=00c21e4c93d963c50d4c0c89bfa84ed6e0694df2",
      "name": "k9s-0.50.18",
      "pname": "k9s",
      "rev": "00c21e4c93d963c50d4c0c89bfa84ed6e0694df2",
      "rev_count": 940249,
      "rev_date": "2026-02-04T09:32:58Z",
      "scrape_date": "2026-02-06T04:36:10.481686Z",
      "stabilities": [
        "staging",
        "unstable"
      ],
      "unfree": false,
      "version": "0.50.18",
      "outputs_to_install": [
        "out"
      ],
      "outputs": {
        "out": "/nix/store/hc086l08bm0zm0p73pr0gcm2a95j0v34-k9s-0.50.18"
      },
      "system": "aarch64-darwin",
      "group": "toplevel",
      "priority": 5
    },
    {
      "attr_path": "k9s",
      "broken": false,
      "derivation": "/nix/store/c840yh2imj2l92ma8ymkvc3vab13q1kv-k9s-0.50.18.drv",
      "description": "Kubernetes CLI To Manage Your Clusters In Style",
      "install_id": "k9s",
      "license": "Apache-2.0",
      "locked_url": "https://github.com/flox/nixpkgs?rev=00c21e4c93d963c50d4c0c89bfa84ed6e0694df2",
      "name": "k9s-0.50.18",
      "pname": "k9s",
      "rev": "00c21e4c93d963c50d4c0c89bfa84ed6e0694df2",
      "rev_count": 940249,
      "rev_date": "2026-02-04T09:32:58Z",
      "scrape_date": "2026-02-06T05:05:43.230491Z",
      "stabilities": [
        "staging",
        "unstable"
      ],
      "unfree": false,
      "version": "0.50.18",
      "outputs_to_install": [
        "out"
      ],
      "outputs": {
        "out": "/nix/store/1c7qlb18rm9mpy54f3ddz6qq4zalgk84-k9s-0.50.18"
      },
      "system": "aarch64-linux",
      "group": "toplevel",
      "priority": 5
    },
    {
      "attr_path": "k9s",
      "broken": false,
      "derivation": "/nix/store/gvvji4iypy778qvip9hl7f32dr4p99hx-k9s-0.50.18.drv",
      "description": "Kubernetes CLI To Manage Your Clusters In Style",
      "install_id": "k9s",
      "license": "Apache-2.0",
      "locked_url": "https://github.com/flox/nixpkgs?rev=00c21e4c93d963c50d4c0c89bfa84ed6e0694df2",
      "name": "k9s-0.50.18",
      "pname": "k9s",
      "rev": "00c21e4c93d963c50d4c0c89bfa84ed6e0694df2",
      "rev_count": 940249,
      "rev_date": "2026-02-04T09:32:58Z",
      "scrape_date": "2026-02-06T05:33:48.731716Z",
      "stabilities": [
        "staging",
        "unstable"
      ],
      "unfree": false,
      "version": "0.50.18",
      "outputs_to_install": [
        "out"
      ],
      "outputs": {
        "out": "/nix/store/q45jpvj81dsp6674g2md08il5kbrrrl5-k9s-0.50.18"
      },
      "system": "x86_64-darwin",
      "group": "toplevel",
      "priority": 5
    },
    {
      "attr_path": "k9s",
      "broken": false,
      "derivation": "/nix/store/dnqrg0lrgjzvjv30lrizh5apycqz213q-k9s-0.50.18.drv",
      "description": "Kubernetes CLI To Manage Your Clusters In Style",
      "install_id": "k9s",
      "license": "Apache-2.0",
      "locked_url": "https://github.com/flox/nixpkgs?rev=00c21e4c93d963c50d4c0c89bfa84ed6e0694df2",
      "name": "k9s-0.50.18",
      "pname": "k9s",
      "rev": "00c21e4c93d963c50d4c0c89bfa84ed6e0694df2",
      "rev_count": 940249,
      "rev_date": "2026-02-04T09:32:58Z",
      "scrape_date": "2026-02-06T06:06:07.511494Z",
      "stabilities": [
        "staging",
        "unstable"
      ],
      "unfree": false,
      "version": "0.50.18",
      "outputs_to_install": [
        "out"
      ],
      "outputs": {
        "out": "/nix/store/nz3dcx3s720ybkx68hl7kdd0j9i8h4z3-k9s-0.50.18"
      },
      "system": "x86_64-linux",
      "group": "toplevel",
      "priority": 5
    },
    {
      "attr_path": "kind",
      "broken": false,
      "derivation": "/nix/store/v00fjy0lvgrlln6ayfbkqfkr68wikpvw-kind-0.31.0.drv",
      "description": "Kubernetes IN Docker - local clusters for testing Kubernetes",
      "install_id": "kind",
      "license": "Apache-2.0",
      "locked_url": "https://github.com/flox/nixpkgs?rev=00c21e4c93d963c50d4c0c89bfa84ed6e0694df2",
      "name": "kind-0.31.0",
      "pname": "kind",
      "rev": "00c21e4c93d963c50d4c0c89bfa84ed6e0694df2",
      "rev_count": 940249,
      "rev_date": "2026-02-04T09:32:58Z",
      "scrape_date": "2026-02-06T04:36:10.778707Z",
      "stabilities": [
        "staging",
        "unstable"
      ],
      "unfree": false,
      "version": "0.31.0",
      "outputs_to_install": [
        "out"
      ],
      "outputs": {
        "out": "/nix/store/jhrinvskzfygyf1zpqdldrr4s684pqpq-kind-0.31.0"
      },
      "system": "aarch64-darwin",
      "group": "toplevel",
      "priority": 5
    },
    {
      "attr_path": "kind",
      "broken": false,
      "derivation": "/nix/store/zd7dp9n1s83wk5dk3mkiwa3fdm4hd0pp-kind-0.31.0.drv",
      "description": "Kubernetes IN Docker - local clusters for testing Kubernetes",
      "install_id": "kind",
      "license": "Apache-2.0",
      "locked_url": "https://github.com/flox/nixpkgs?rev=00c21e4c93d963c50d4c0c89bfa84ed6e0694df2",
      "name": "kind-0.31.0",
      "pname": "kind",
      "rev": "00c21e4c93d963c50d4c0c89bfa84ed6e0694df2",
      "rev_count": 940249,
      "rev_date": "2026-02-04T09:32:58Z",
      "scrape_date": "2026-02-06T05:05:44.239296Z",
      "stabilities": [
        "staging",
        "unstable"
      ],
      "unfree": false,
      "version": "0.31.0",
      "outputs_to_install": [
        "out"
      ],
      "outputs": {
        "out": "/nix/store/z4c4swmiyk3nrcp7glz773mlkhzay46s-kind-0.31.0"
      },
      "system": "aarch64-linux",
      "group": "toplevel",
      "priority": 5
    },
    {
      "attr_path": "kind",
      "broken": false,
      "derivation": "/nix/store/5nmicp28vacivk55wzaj1dhmmf5j3hfq-kind-0.31.0.drv",
      "description": "Kubernetes IN Docker - local clusters for testing Kubernetes",
      "install_id": "kind",
      "license": "Apache-2.0",
      "locked_url": "https://github.com/flox/nixpkgs?rev=00c21e4c93d963c50d4c0c89bfa84ed6e0694df2",
      "name": "kind-0.31.0",
      "pname": "kind",
      "rev": "00c21e4c93d963c50d4c0c89bfa84ed6e0694df2",
      "rev_count": 940249,
      "rev_date": "2026-02-04T09:32:58Z",
      "scrape_date": "2026-02-06T05:33:49.029386Z",
      "stabilities": [
        "staging",
        "unstable"
      ],
      "unfree": false,
      "version": "0.31.0",
      "outputs_to_install": [
        "out"
      ],
      "outputs": {
        "out": "/nix/store/837blpxb5qvcslbm5s770cx8wzhm4wgv-kind-0.31.0"
      },
      "system": "x86_64-darwin",
      "group": "toplevel",
      "priority": 5
    },
    {
      "attr_path": "kind",
      "broken": false,
      "derivation": "/nix/store/bpx4mi9c1lj84apkkzlq5pvh3mwig8a8-kind-0.31.0.drv",
      "description": "Kubernetes IN Docker - local clusters for testing Kubernetes",
      "install_id": "kind",
      "license": "Apache-2.0",
      "locked_url": "https://github.com/flox/nixpkgs?rev=00c21e4c93d963c50d4c0c89bfa84ed6e0694df2",
      "name": "kind-0.31.0",
      "pname": "kind",
      "rev": "00c21e4c93d963c50d4c0c89bfa84ed6e0694df2",
      "rev_count": 940249,
      "rev_date": "2026-02-04T09:32:58Z",
      "scrape_date": "2026-02-06T06:06:08.580686Z",
      "stabilities": [
        "staging",
        "unstable"
      ],
      "unfree": false,
      "version": "0.31.0",
      "outputs_to_install": [
        "out"
      ],
      "outputs": {
        "out": "/nix/store/y8w7xm64r76pvdycqjmi7389cv6ilh3g-kind-0.31.0"
      },
      "system": "x86_64-linux",
      "group": "toplevel",
      "priority": 5
    },
    {
      "attr_path": "kubectl",
      "broken": false,
      "derivation": "/nix/store/hd4qh8y8mpfw9rafh4qg9f05wb232mml-kubectl-1.35.0.drv",
      "description": "Kubernetes CLI",
      "install_id": "kubectl",
      "license": "Apache-2.0",
      "locked_url": "https://github.com/flox/nixpkgs?rev=00c21e4c93d963c50d4c0c89bfa84ed6e0694df2",
      "name": "kubectl-1.35.0",
      "pname": "kubectl",
      "rev": "00c21e4c93d963c50d4c0c89bfa84ed6e0694df2",
      "rev_count": 940249,
      "rev_date": "2026-02-04T09:32:58Z",
      "scrape_date": "2026-02-06T04:36:11.010484Z",
      "stabilities": [
        "staging",
        "unstable"
      ],
      "unfree": false,
      "version": "1.35.0",
      "outputs_to_install": [
        "man",
        "out"
      ],
      "outputs": {
        "convert": "/nix/store/rb8ivxqdljfpqfrf7br9pwvgk3m7aj4k-kubectl-1.35.0-convert",
        "man": "/nix/store/lzn4s3mnjmyhbfckaizm6vg5rnpshyl2-kubectl-1.35.0-man",
        "out": "/nix/store/zh9jp24f14avckd99vs54g82ws1i2qpk-kubectl-1.35.0"
      },
      "system": "aarch64-darwin",
      "group": "toplevel",
      "priority": 5
    },
    {
      "attr_path": "kubectl",
      "broken": false,
      "derivation": "/nix/store/h0zk0wrynk6ws0wgp4s2s5digghi73mg-kubectl-1.35.0.drv",
      "description": "Kubernetes CLI",
      "install_id": "kubectl",
      "license": "Apache-2.0",
      "locked_url": "https://github.com/flox/nixpkgs?rev=00c21e4c93d963c50d4c0c89bfa84ed6e0694df2",
      "name": "kubectl-1.35.0",
      "pname": "kubectl",
      "rev": "00c21e4c93d963c50d4c0c89bfa84ed6e0694df2",
      "rev_count": 940249,
      "rev_date": "2026-02-04T09:32:58Z",
      "scrape_date": "2026-02-06T05:05:44.640255Z",
      "stabilities": [
        "staging",
        "unstable"
      ],
      "unfree": false,
      "version": "1.35.0",
      "outputs_to_install": [
        "man",
        "out"
      ],
      "outputs": {
        "convert": "/nix/store/lbrbsz8zmyzkabn3rr5nxwn4ji0q5wl9-kubectl-1.35.0-convert",
        "man": "/nix/store/b9av4ayjma48ch5wy7k85grkiigls84a-kubectl-1.35.0-man",
        "out": "/nix/store/h2wbgv9grql0bhrpqdab77mw1pd1zr7x-kubectl-1.35.0"
      },
      "system": "aarch64-linux",
      "group": "toplevel",
      "priority": 5
    },
    {
      "attr_path": "kubectl",
      "broken": false,
      "derivation": "/nix/store/mgba5a4cdqzngjb2l9v9w1yg6idryqb1-kubectl-1.35.0.drv",
      "description": "Kubernetes CLI",
      "install_id": "kubectl",
      "license": "Apache-2.0",
      "locked_url": "https://github.com/flox/nixpkgs?rev=00c21e4c93d963c50d4c0c89bfa84ed6e0694df2",
      "name": "kubectl-1.35.0",
      "pname": "kubectl",
      "rev": "00c21e4c93d963c50d4c0c89bfa84ed6e0694df2",
      "rev_count": 940249,
      "rev_date": "2026-02-04T09:32:58Z",
      "scrape_date": "2026-02-06T05:33:49.259282Z",
      "stabilities": [
        "staging",
        "unstable"
      ],
      "unfree": false,
      "version": "1.35.0",
      "outputs_to_install": [
        "man",
        "out"
      ],
      "outputs": {
        "convert": "/nix/store/ycw7xcc21v9ivxqbzhgwhiyn6p0nh6am-kubectl-1.35.0-convert",
        "man": "/nix/store/q3lyh5bdcsvh827fjnnwsnjd16nf52yv-kubectl-1.35.0-man",
        "out": "/nix/store/ifqhf8f32873w5ad22z5cy56y9nlfhg6-kubectl-1.35.0"
      },
      "system": "x86_64-darwin",
      "group": "toplevel",
      "priority": 5
    },
    {
      "attr_path": "kubectl",
      "broken": false,
      "derivation": "/nix/store/9xzsir2v9hhqwb5p5xkkn7590a9xslil-kubectl-1.35.0.drv",
      "description": "Kubernetes CLI",
      "install_id": "kubectl",
      "license": "Apache-2.0",
      "locked_url": "https://github.com/flox/nixpkgs?rev=00c21e4c93d963c50d4c0c89bfa84ed6e0694df2",
      "name": "kubectl-1.35.0",
      "pname": "kubectl",
      "rev": "00c21e4c93d963c50d4c0c89bfa84ed6e0694df2",
      "rev_count": 940249,
      "rev_date": "2026-02-04T09:32:58Z",
      "scrape_date": "2026-02-06T06:06:09.012308Z",
      "stabilities": [
        "staging",
        "unstable"
      ],
      "unfree": false,
      "version": "1.35.0",
      "outputs_to_install": [
        "man",
        "out"
      ],
      "outputs": {
        "convert": "/nix/store/v3szgaqs6wb69b1vnjx8q7zf03zy0hph-kubectl-1.35.0-convert",
        "man": "/nix/store/9dna59210pqjpb2sphv2ibasn8g9k65q-kubectl-1.35.0-man",
        "out": "/nix/store/h9v5iqki1r1h3ngfzn2y2w935rrps3vg-kubectl-1.35.0"
      },
      "system": "x86_64-linux",
      "group": "toplevel",
      "priority": 5
    },
    {
      "attr_path": "kubectx",
      "broken": false,
      "derivation": "/nix/store/n8pl7lsybg8w3mvph1cgarf1h1b4njx4-kubectx-0.9.5.drv",
      "description": "Fast way to switch between clusters and namespaces in kubectl",
      "install_id": "kubectx",
      "license": "Apache-2.0",
      "locked_url": "https://github.com/flox/nixpkgs?rev=00c21e4c93d963c50d4c0c89bfa84ed6e0694df2",
      "name": "kubectx-0.9.5",
      "pname": "kubectx",
      "rev": "00c21e4c93d963c50d4c0c89bfa84ed6e0694df2",
      "rev_count": 940249,
      "rev_date": "2026-02-04T09:32:58Z",
      "scrape_date": "2026-02-06T04:36:11.037262Z",
      "stabilities": [
        "staging",
        "unstable"
      ],
      "unfree": false,
      "version": "0.9.5",
      "outputs_to_install": [
        "out"
      ],
      "outputs": {
        "out": "/nix/store/g52clcdbqkxgj25v9c7zr1nqskb3n7y4-kubectx-0.9.5"
      },
      "system": "aarch64-darwin",
      "group": "toplevel",
      "priority": 5
    },
    {
      "attr_path": "kubectx",
      "broken": false,
      "derivation": "/nix/store/8gqrb2rs2m4zziwqicy54c045pf80k2f-kubectx-0.9.5.drv",
      "description": "Fast way to switch between clusters and namespaces in kubectl",
      "install_id": "kubectx",
      "license": "Apache-2.0",
      "locked_url": "https://github.com/flox/nixpkgs?rev=00c21e4c93d963c50d4c0c89bfa84ed6e0694df2",
      "name": "kubectx-0.9.5",
      "pname": "kubectx",
      "rev": "00c21e4c93d963c50d4c0c89bfa84ed6e0694df2",
      "rev_count": 940249,
      "rev_date": "2026-02-04T09:32:58Z",
      "scrape_date": "2026-02-06T05:05:44.670826Z",
      "stabilities": [
        "staging",
        "unstable"
      ],
      "unfree": false,
      "version": "0.9.5",
      "outputs_to_install": [
        "out"
      ],
      "outputs": {
        "out": "/nix/store/72w8x5c2grxvpyw9py4md1qjc5wdn51z-kubectx-0.9.5"
      },
      "system": "aarch64-linux",
      "group": "toplevel",
      "priority": 5
    },
    {
      "attr_path": "kubectx",
      "broken": false,
      "derivation": "/nix/store/j0m46db0d4p38ii0dz77h6m92ip4phf1-kubectx-0.9.5.drv",
      "description": "Fast way to switch between clusters and namespaces in kubectl",
      "install_id": "kubectx",
      "license": "Apache-2.0",
      "locked_url": "https://github.com/flox/nixpkgs?rev=00c21e4c93d963c50d4c0c89bfa84ed6e0694df2",
      "name": "kubectx-0.9.5",
      "pname": "kubectx",
      "rev": "00c21e4c93d963c50d4c0c89bfa84ed6e0694df2",
      "rev_count": 940249,
      "rev_date": "2026-02-04T09:32:58Z",
      "scrape_date": "2026-02-06T05:33:49.285622Z",
      "stabilities": [
        "staging",
        "unstable"
      ],
      "unfree": false,
      "version": "0.9.5",
      "outputs_to_install": [
        "out"
      ],
      "outputs": {
        "out": "/nix/store/5anfy231ami3988ihcalk4fq81i2ih9x-kubectx-0.9.5"
      },
      "system": "x86_64-darwin",
      "group": "toplevel",
      "priority": 5
    },
    {
      "attr_path": "kubectx",
      "broken": false,
      "derivation": "/nix/store/ahvqng3wrjy3cgjm09kwwzb7x5ygshq8-kubectx-0.9.5.drv",
      "description": "Fast way to switch between clusters and namespaces in kubectl",
      "install_id": "kubectx",
      "license": "Apache-2.0",
      "locked_url": "https://github.com/flox/nixpkgs?rev=00c21e4c93d963c50d4c0c89bfa84ed6e0694df2",
      "name": "kubectx-0.9.5",
      "pname": "kubectx",
      "rev": "00c21e4c93d963c50d4c0c89bfa84ed6e0694df2",
      "rev_count": 940249,
      "rev_date": "2026-02-04T09:32:58Z",
      "scrape_date": "2026-02-06T06:06:09.045655Z",
      "stabilities": [
        "staging",
        "unstable"
      ],
      "unfree": false,
      "version": "0.9.5",
      "outputs_to_install": [
        "out"
      ],
      "outputs": {
        "out": "/nix/store/cr2vyrdi6zsqf2v88j5p8vk28p29w5g6-kubectx-0.9.5"
      },
      "system": "x86_64-linux",
      "group": "toplevel",
      "priority": 5
    },
    {
      "attr_path": "perl",
      "broken": false,
      "derivation": "/nix/store/4fr6m85472044jj0nmg7rkw5mzb7g30w-perl-5.42.0.drv",
      "description": "Standard implementation of the Perl 5 programming language",
      "install_id": "perl",
      "license": "Artistic-1.0",
      "locked_url": "https://github.com/flox/nixpkgs?rev=00c21e4c93d963c50d4c0c89bfa84ed6e0694df2",
      "name": "perl-5.42.0",
      "pname": "perl",
      "rev": "00c21e4c93d963c50d4c0c89bfa84ed6e0694df2",
      "rev_count": 940249,
      "rev_date": "2026-02-04T09:32:58Z",
      "scrape_date": "2026-02-06T04:36:23.511207Z",
      "stabilities": [
        "staging",
        "unstable"
      ],
      "unfree": false,
      "version": "5.42.0",
      "outputs_to_install": [
        "man",
        "out",
        "out"
      ],
      "outputs": {
        "devdoc": "/nix/store/w8i5pf06y5zjf743mq8c1p95gz6czzwa-perl-5.42.0-devdoc",
        "man": "/nix/store/59qafagnn4fvx0nk9k6vcnz8y1sgm21k-perl-5.42.0-man",
        "out": "/nix/store/wgxri0zmbb9ar0lz1f5a47v7a2rdha5a-perl-5.42.0"
      },
      "system": "aarch64-darwin",
      "group": "toplevel",
      "priority": 5
    },
    {
      "attr_path": "perl",
      "broken": false,
      "derivation": "/nix/store/wyblzha95i2y45s1fchyps00i7zhj563-perl-5.42.0.drv",
      "description": "Standard implementation of the Perl 5 programming language",
      "install_id": "perl",
      "license": "Artistic-1.0",
      "locked_url": "https://github.com/flox/nixpkgs?rev=00c21e4c93d963c50d4c0c89bfa84ed6e0694df2",
      "name": "perl-5.42.0",
      "pname": "perl",
      "rev": "00c21e4c93d963c50d4c0c89bfa84ed6e0694df2",
      "rev_count": 940249,
      "rev_date": "2026-02-04T09:32:58Z",
      "scrape_date": "2026-02-06T05:06:06.924709Z",
      "stabilities": [
        "staging",
        "unstable"
      ],
      "unfree": false,
      "version": "5.42.0",
      "outputs_to_install": [
        "man",
        "out",
        "out"
      ],
      "outputs": {
        "devdoc": "/nix/store/fimyk6ajra63f55aaf90dnh5pxji7b0z-perl-5.42.0-devdoc",
        "man": "/nix/store/jlskk6xpsfl6g5jpp465hps70nn0dpqq-perl-5.42.0-man",
        "out": "/nix/store/w6yhlyl43f4630d5nmklc621wjldx6vw-perl-5.42.0"
      },
      "system": "aarch64-linux",
      "group": "toplevel",
      "priority": 5
    },
    {
      "attr_path": "perl",
      "broken": false,
      "derivation": "/nix/store/4qmzj43cvrfpxm5n4sk59p1s4v3z4h39-perl-5.42.0.drv",
      "description": "Standard implementation of the Perl 5 programming language",
      "install_id": "perl",
      "license": "Artistic-1.0",
      "locked_url": "https://github.com/flox/nixpkgs?rev=00c21e4c93d963c50d4c0c89bfa84ed6e0694df2",
      "name": "perl-5.42.0",
      "pname": "perl",
      "rev": "00c21e4c93d963c50d4c0c89bfa84ed6e0694df2",
      "rev_count": 940249,
      "rev_date": "2026-02-04T09:32:58Z",
      "scrape_date": "2026-02-06T05:34:01.799117Z",
      "stabilities": [
        "staging",
        "unstable"
      ],
      "unfree": false,
      "version": "5.42.0",
      "outputs_to_install": [
        "man",
        "out"
      ],
      "outputs": {
        "devdoc": "/nix/store/w7ir8p7h8sn074m2ldnmzbrmra7xw873-perl-5.42.0-devdoc",
        "man": "/nix/store/d06a2i4h0c4d83bf0dnygldvgv3wb04g-perl-5.42.0-man",
        "out": "/nix/store/ww9807bfk0dsny01vs25d25ss7jdl1vh-perl-5.42.0"
      },
      "system": "x86_64-darwin",
      "group": "toplevel",
      "priority": 5
    },
    {
      "attr_path": "perl",
      "broken": false,
      "derivation": "/nix/store/h8m494smnpkz5kddkhyapdw8v1zhimd5-perl-5.42.0.drv",
      "description": "Standard implementation of the Perl 5 programming language",
      "install_id": "perl",
      "license": "Artistic-1.0",
      "locked_url": "https://github.com/flox/nixpkgs?rev=00c21e4c93d963c50d4c0c89bfa84ed6e0694df2",
      "name": "perl-5.42.0",
      "pname": "perl",
      "rev": "00c21e4c93d963c50d4c0c89bfa84ed6e0694df2",
      "rev_count": 940249,
      "rev_date": "2026-02-04T09:32:58Z",
      "scrape_date": "2026-02-06T06:06:33.875691Z",
      "stabilities": [
        "staging",
        "unstable"
      ],
      "unfree": false,
      "version": "5.42.0",
      "outputs_to_install": [
        "man",
        "out",
        "out"
      ],
      "outputs": {
        "devdoc": "/nix/store/4sgwcny34xsvxh4pm8hfmck8xqirmx5a-perl-5.42.0-devdoc",
        "man": "/nix/store/c5s39ylnnyjxcw5k5kihmr8gzcliw8n5-perl-5.42.0-man",
        "out": "/nix/store/0m9dv7ml6vddmxj79s98l102d03sf9f1-perl-5.42.0"
      },
      "system": "x86_64-linux",
      "group": "toplevel",
      "priority": 5
    }
  ]
}
